lockfileVersion: '9.0'

settings:
  autoInstallPeers: true
  excludeLinksFromLockfile: false

importers:

  .:
    devDependencies:
      '@dusty-phillips/rescript-zora':
        specifier: ^4.0.0
        version: 4.0.0
      '@rescript/linux-x64':
        specifier: ^12.0.1
        version: 12.0.1
      '@rescript/runtime':
        specifier: ^12.0.1
        version: 12.0.1
      changie:
        specifier: ^1.18.0
        version: 1.18.0
      onchange:
        specifier: ^7.1.0
        version: 7.1.0
      pta:
        specifier: 1.2.0
        version: 1.2.0(zora@5.2.0)
      rescript:
        specifier: ^12.1.0
        version: 12.1.0
      zora:
        specifier: ^5.2.0
        version: 5.2.0

packages:

  '@blakeembrey/deque@1.0.5':
    resolution: {integrity: sha512-6xnwtvp9DY1EINIKdTfvfeAtCYw4OqBZJhtiqkT3ivjnEfa25VQ3TsKvaFfKm8MyGIEfE95qLe+bNEt3nB0Ylg==}

  '@blakeembrey/template@1.0.0':
    resolution: {integrity: sha512-J6WGZqCLdRMHUkyRG6fBSIFJ0rL60/nsQNh5rQvsYZ5u0PsKw6XQcJcA3DWvd9cN3j/IQx5yB1fexhCafwwUUw==}

  '@dusty-phillips/rescript-zora@4.0.0':
    resolution: {integrity: sha512-Gs2rlIwmgMOQe2/nAbN6VREGA2mT/H0jsyvcvrBPcCuoATfZgL5yAjm9FZp3Obh3YKvY8PqJYy7tvD67ntp8qg==}

  '@nodelib/fs.scandir@2.1.5':
    resolution: {integrity: sha512-vq24Bq3ym5HEQm2NKCr3yXDwjc7vTsEThRDnkp2DK9p1uqLR+DHurm/NOTo0KG7HYHU7eppKZj3MyqYuMBf62g==}
    engines: {node: '>= 8'}

  '@nodelib/fs.stat@2.0.5':
    resolution: {integrity: sha512-RkhPPp2zrqDAQA/2jNhnztcPAlv64XdhIp7a7454A5ovI7Bukxgt7MX7udwAu3zg1DcpPU0rz3VV1SeaqvY4+A==}
    engines: {node: '>= 8'}

  '@nodelib/fs.walk@1.2.8':
    resolution: {integrity: sha512-oGB+UxlgWcgQkgwo8GcEGwemoTFt3FIO9ababBmaGwXIoBKZ+GTy0pP185beGg7Llih/NSHSV2XAs1lnznocSg==}
    engines: {node: '>= 8'}

  '@rescript/darwin-arm64@12.1.0':
    resolution: {integrity: sha512-OuJMT+2h2Lp60n8ONFx1oBAAePSVkM9zl7E/EX4VD2xkQoVTPklz0BpHYOICnFJSCOOdbOhbsTBXdLpo3yvllg==}
    engines: {node: '>=20.11.0'}
    cpu: [arm64]
    os: [darwin]

  '@rescript/darwin-x64@12.1.0':
    resolution: {integrity: sha512-r5Iv4ga+LaNq+6g9LODwZG4bwydd9UDXACP/HKxOfrP9XQCITlF/XqB1ZDJWyJOgJLZSJCd7erlG38YtB0VZKA==}
    engines: {node: '>=20.11.0'}
    cpu: [x64]
    os: [darwin]

  '@rescript/linux-arm64@12.1.0':
    resolution: {integrity: sha512-UTZv4GTjbyQ/T5LQDfQiGcumK3SzE1K7+ug6gWpDcGZ7ALc7hCS6BVEFL/LDs8iWVwAwkK/6r456s2zRnvS7wQ==}
    engines: {node: '>=20.11.0'}
    cpu: [arm64]
    os: [linux]

  '@rescript/linux-x64@12.0.1':
    resolution: {integrity: sha512-WpVBjAvLsKATOJTckI6PDf4IFnHHxwsSVtklC+XAXbwqHLP1gqDDuVcykOOIWexxepod+QvBvEZGjzNPJ5L8gA==}
    engines: {node: '>=20.11.0'}
    cpu: [x64]
    os: [linux]

  '@rescript/linux-x64@12.1.0':
    resolution: {integrity: sha512-c0PXuBL09JRSA4nQusYbR4mW5QJrBPqxDrqvIX+M79fk3d6jQmj5x4NsBwk5BavxvmbR/JU1JjYBlSAa3h22Vg==}
    engines: {node: '>=20.11.0'}
    cpu: [x64]
    os: [linux]

  '@rescript/runtime@12.0.1':
    resolution: {integrity: sha512-pMoWvllPFK0cl87vMYBVvll+DaAdPAsRuLIIJa+Q8LMhcS7cqpaZVflU3LbH+U/kv3vWaUYIfLBObwGnXw/CDg==}

  '@rescript/runtime@12.1.0':
    resolution: {integrity: sha512-bvr9RfvBD+JS/6foWCA4l2fLXmUXN0KGqylXQPHt09QxUghqgoCiaWVHaHSx5dOIk/jAPlGQ7zB5yVeMas/EFQ==}

  '@rescript/win32-x64@12.1.0':
    resolution: {integrity: sha512-nQC42QByyAbryfkbyK67iskipUqXVwTPCFrqissY4jJoP0128gg0yG6DydJnV1stXphtFdMFHtmyYE1ffG7UBg==}
    engines: {node: '>=20.11.0'}
    cpu: [x64]
    os: [win32]

  anymatch@3.1.2:
    resolution: {integrity: sha512-P43ePfOAIupkguHUycrc4qJ9kz8ZiuOUijaETwX7THt0Y/GNK7v0aa8rY816xWjZ7rJdA5XdMcpVFTKMq+RvWg==}
    engines: {node: '>= 8'}

  arg@4.1.3:
    resolution: {integrity: sha512-58S9QDqG0Xx27YwPSt9fJxivjYl432YCwfDMfZ+71RAqUrZef7LrKQZ3LHLOwCS4FLNBplP533Zx895SeOCHvA==}

  arg@5.0.2:
    resolution: {integrity: sha512-PYjyFOLKQ9y57JvQ6QLo8dAgNqswh8M1RMJYdQduT6xbWSgK36P/Z/v+p888pM69jMMfS8Xd8F6I1kQ/I9HUGg==}

  binary-extensions@2.2.0:
    resolution: {integrity: sha512-jDctJ/IVQbZoJykoeHbhXpOlNBqGNcwXJKJog42E5HDPUwQTSdjCHdihjj0DlnheQ7blbT6dHOafNAiS8ooQKA==}
    engines: {node: '>=8'}

  braces@3.0.2:
    resolution: {integrity: sha512-b8um+L1RzM3WDSzvhm6gIz1yfTbBt6YTlcEKAvsmqCZZFw46z626lVj9j1yEPW33H5H+lBQpZMP1k8l+78Ha0A==}
    engines: {node: '>=8'}

  changie@1.18.0:
    resolution: {integrity: sha512-/5Ryt7slr9cbDt8rIXxxkHjIu6nacYgQrSVnNvXVSHw4dIl9ENna/cew1w48ZYTC1vMcy0F5QjQ1HNAriNa4gg==}
    hasBin: true

  chokidar@3.5.2:
    resolution: {integrity: sha512-ekGhOnNVPgT77r4K/U3GDhu+FQ2S8TnK/s2KbIGXi0SZWuwkZ2QNyfWdZW+TVfn84DpEP7rLeCt2UI6bJ8GwbQ==}
    engines: {node: '>= 8.10.0'}

  colorette@2.0.17:
    resolution: {integrity: sha512-hJo+3Bkn0NCHybn9Tu35fIeoOKGOk5OCC32y4Hz2It+qlCO2Q3DeQ1hRn/tDDMQKRYUEzqsl7jbF6dYKjlE60g==}

  cross-spawn@7.0.3:
    resolution: {integrity: sha512-iRDPJKUPVEND7dHPO8rkbOnPpyDygcDFtWjpeWNCgy8WP2rXcxXL8TskReQl6OrB2G7+UJrags1q15Fudc7G6w==}
    engines: {node: '>= 8'}

  diff@5.1.0:
    resolution: {integrity: sha512-D+mk+qE8VC/PAUrlAU34N+VfXev0ghe5ywmpqrawphmVZc1bEfn56uo9qpyGp1p4xpzOHkSW4ztBd6L7Xx4ACw==}
    engines: {node: '>=0.3.1'}

  dir-glob@3.0.1:
    resolution: {integrity: sha512-WkrWp9GR4KXfKGYzOLmTuGVi1UWFfws377n9cc55/tb6DuqyF6pcQ5AbiHEshaDpY9v6oaSr2XCDidGmMwdzIA==}
    engines: {node: '>=8'}

  fast-glob@3.3.0:
    resolution: {integrity: sha512-ChDuvbOypPuNjO8yIDf36x7BlZX1smcUMTTcyoIjycexOxd6DFsKsg21qVBzEmr3G7fUKIRy2/psii+CIUt7FA==}
    engines: {node: '>=8.6.0'}

  fastq@1.13.0:
    resolution: {integrity: sha512-YpkpUnK8od0o1hmeSc7UUs/eB/vIPWJYjKck2QKIzAf71Vm1AAQ3EbuZB3g2JIy+pg+ERD0vqI79KyZiB2e2Nw==}

  fill-range@7.0.1:
    resolution: {integrity: sha512-qOo9F+dMUmC2Lcb4BbVvnKJxTPjCm+RRpe4gDuGrzkL7mEVl/djYSu2OdQ2Pa302N4oqkSg9ir6jaLWJ2USVpQ==}
    engines: {node: '>=8'}

  fsevents@2.3.2:
    resolution: {integrity: sha512-xiqMQR4xAeHTuB9uWm+fFRcIOgKBMiOBP+eXiyT7jsgVCq1bkVygt00oASowB7EdtpOHaaPgKt812P9ab+DDKA==}
    engines: {node: ^8.16.0 || ^10.6.0 || >=11.0.0}
    os: [darwin]

  glob-parent@5.1.2:
    resolution: {integrity: sha512-AOIgSQCepiJYwP3ARnGx+5VnTu2HBYdzbGP45eLw1vr3zB3vZLeyed1sC9hnbcOc9/SrMyM5RPQrkGz4aS9Zow==}
    engines: {node: '>= 6'}

  globby@13.1.4:
    resolution: {integrity: sha512-iui/IiiW+QrJ1X1hKH5qwlMQyv34wJAYwH1vrf8b9kBA4sNiif3gKsMHa+BrdnOpEudWjpotfa7LrTzB1ERS/g==}
    engines: {node: ^12.20.0 || ^14.13.1 || >=16.0.0}

  ignore@5.2.4:
    resolution: {integrity: sha512-MAb38BcSbH0eHNBxn7ql2NH/kX33OkB3lZ1BNdh7ENeRChHTYsTvWrMubiIAMNS2llXEEgZ1MUOBtXChP3kaFQ==}
    engines: {node: '>= 4'}

  is-binary-path@2.1.0:
    resolution: {integrity: sha512-ZMERYes6pDydyuGidse7OsHxtbI7WVeUEozgR/g7rd0xUimYNlvZRE/K2MgZTjWy725IfelLeVcEM97mmtRGXw==}
    engines: {node: '>=8'}

  is-extglob@2.1.1:
    resolution: {integrity: sha512-SbKbANkN603Vi4jEZv49LeVJMn4yGwsbzZworEoyEiutsN3nJYdbO36zfhGJ6QEDpOZIFkDtnq5JRxmvl3jsoQ==}
    engines: {node: '>=0.10.0'}

  is-glob@4.0.1:
    resolution: {integrity: sha512-5G0tKtBTFImOqDnLB2hG6Bp2qcKEFduo4tZu9MT/H6NQv/ghhy30o55ufafxJ/LdH79LLs2Kfrn85TLKyA7BUg==}
    engines: {node: '>=0.10.0'}

  is-number@7.0.0:
    resolution: {integrity: sha512-41Cifkg6e8TylSpdtTpeLVMqvSBEVzTttHvERD741+pnZ8ANv0004MRL43QKPDlK9cGvNp6NZWZUBlbGXYxxng==}
    engines: {node: '>=0.12.0'}

  isexe@2.0.0:
    resolution: {integrity: sha512-RHxMLp9lnKHGHRng9QFhRCMbYAcVpn69smSGcq3f36xjgVVWThj4qqLbTLlq7Ssj8B+fIQ1EuCEGI2lKsyQeIw==}

  merge2@1.4.1:
    resolution: {integrity: sha512-8q7VEgMJW4J8tcfVPy8g09NcQwZdbwFEqhe/WZkoIzjn/3TGDwtOCYtXGxA3O8tPzpczCCDgv+P2P5y00ZJOOg==}
    engines: {node: '>= 8'}

  micromatch@4.0.4:
    resolution: {integrity: sha512-pRmzw/XUcwXGpD9aI9q/0XOwLNygjETJ8y0ao0wdqprrzDa4YnxLcz7fQRZr8voh8V10kGhABbNcHVk5wHgWwg==}
    engines: {node: '>=8.6'}

  normalize-path@3.0.0:
    resolution: {integrity: sha512-6eZs5Ls3WtCisHWp9S2GUy8dqkpGi4BVSz3GaqiE6ezub0512ESztXUwUB6C6IKbQkY2Pnb/mD4WYojCRwcwLA==}
    engines: {node: '>=0.10.0'}

  onchange@7.1.0:
    resolution: {integrity: sha512-ZJcqsPiWUAUpvmnJri5TPBooqJOPmC0ttN65juhN15Q8xA+Nbg3BaxBHXQ45EistKKlKElb0edmbPWnKSBkvMg==}
    hasBin: true

  path-key@3.1.1:
    resolution: {integrity: sha512-ojmeN0qd+y0jszEtoY48r0Peq5dwMEkIlCOu6Q5f41lfkswXuKtYrhgoTpLnyIcHm24Uhqx+5Tqm2InSwLhE6Q==}
    engines: {node: '>=8'}

  path-type@4.0.0:
    resolution: {integrity: sha512-gDKb8aZMDeD/tZWs9P6+q0J9Mwkdl6xMV8TjnGP3qJVJ06bdMgkbBlLU8IdfOsIsFz2BW1rNVT3XuNEl8zPAvw==}
    engines: {node: '>=8'}

  picomatch@2.3.0:
    resolution: {integrity: sha512-lY1Q/PiJGC2zOv/z391WOTD+Z02bCgsFfvxoXXf6h7kv9o+WmsmzYqrAwY63sNgOxE4xEdq0WyUnXfKeBrSvYw==}
    engines: {node: '>=8.6'}

  pta@1.2.0:
    resolution: {integrity: sha512-vk2QidTwxQgkh5yz1MbBx99w8EGOOqO0lSI5ApR4ndYEos/AJfKNBXMt7vaU4l3u6f69NLXaZkcRDH4iMx1sxw==}
    hasBin: true
    peerDependencies:
      zora: ^5.0.0

  queue-microtask@1.2.3:
    resolution: {integrity: sha512-NuaNSa6flKT5JaSYQzJok04JzTL1CA6aGhv5rfLW3PgqA+M2ChpZQnAC8h8i4ZFkBS8X5RqkDBHA7r4hej3K9A==}

  readdirp@3.6.0:
    resolution: {integrity: sha512-hOS089on8RduqdbhvQ5Z37A0ESjsqz6qnRcffsMU3495FuTdqSm+7bhJ29JvIOsBDEEnan5DPu9t3To9VRlMzA==}
    engines: {node: '>=8.10.0'}

  rescript@12.1.0:
    resolution: {integrity: sha512-n/B43wzIEKV4OmlrWbrlQOL4zZaz0RM/Cc8PG2YvhQvQDW7nscHJliDq1AGeVwHoMX68MeaKKzLDOMOMU9Z6FA==}
    engines: {node: '>=20.11.0'}
    hasBin: true

  reusify@1.0.4:
    resolution: {integrity: sha512-U9nH88a3fc/ekCF1l0/UP1IosiuIjyTh7hBvXVMHYgVcfGvt897Xguj2UOLDeI5BG2m7/uwyaLVT6fbtCwTyzw==}
    engines: {iojs: '>=1.0.0', node: '>=0.10.0'}

  run-parallel@1.2.0:
    resolution: {integrity: sha512-5l4VyZR86LZ/lDxZTR6jqL8AFE2S0IFLMP26AbjsLVADxHdhB/c0GUsH+y39UfCi3dzz8OlQuPmnaJOMoDHQBA==}

  shebang-command@2.0.0:
    resolution: {integrity: sha512-kHxr2zZpYtdmrN1qDjrrX/Z1rR1kG8Dx+gkpK1G4eXmvXswmcE1hTWBWYUzlraYw1/yZp6YuDY77YtvbN0dmDA==}
    engines: {node: '>=8'}

  shebang-regex@3.0.0:
    resolution: {integrity: sha512-7++dFhtcx3353uBaq8DDR4NuxBetBzC7ZQOhmTQInHEd6bSrXdiEyzCvG07Z44UYdLShWUyXt5M/yhz8ekcb1A==}
    engines: {node: '>=8'}

  slash@4.0.0:
    resolution: {integrity: sha512-3dOsAHXXUkQTpOYcoAxLIorMTp4gIQr5IW3iVb7A7lFIp0VHhnynm9izx6TssdrIcVIESAlVjtnO2K8bg+Coew==}
    engines: {node: '>=12'}

  to-regex-range@5.0.1:
    resolution: {integrity: sha512-65P7iz6X5yEr1cwcgvQxbbIw7Uk3gOy5dIdtZ4rDveLqhrdJP+Li/Hx6tyK0NEb+2GCyneCMJiGqrADCSNk8sQ==}
    engines: {node: '>=8.0'}

  tree-kill@1.2.2:
    resolution: {integrity: sha512-L0Orpi8qGpRG//Nd+H90vFB+3iHnue1zSSGmNOOCh1GLJ7rUKVwV2HvijphGQS2UmhUZewS9VgvxYIdgr+fG1A==}
    hasBin: true

  which@2.0.2:
    resolution: {integrity: sha512-BLI3Tl1TW3Pvl70l3yq3Y64i+awpwXqsGBYWkkqMtnbXgrMD+yj7rhW0kuEDxzJaYXGjEW5ogapKNMEKNMjibA==}
    engines: {node: '>= 8'}
    hasBin: true

  zora-reporters@1.4.0:
    resolution: {integrity: sha512-RZy2zb/aT8YKUztELGjFWMb39LduCEB4SHoAH4w2HBWKE53V0lU385AAK2q097P7D5cdMLGJIYXpykxUdoyyig==}
    hasBin: true

  zora@5.2.0:
    resolution: {integrity: sha512-FSZOvfJVfMWhk/poictNsDBCXq/Z+2Zu2peWs6d8OhWWb9nY++czw95D47hdw06L/kfjasLevwrbUtnXyWLAJw==}

snapshots:

  '@blakeembrey/deque@1.0.5': {}

  '@blakeembrey/template@1.0.0': {}

  '@dusty-phillips/rescript-zora@4.0.0':
    dependencies:
      pta: 1.2.0(zora@5.2.0)
      zora: 5.2.0

  '@nodelib/fs.scandir@2.1.5':
    dependencies:
      '@nodelib/fs.stat': 2.0.5
      run-parallel: 1.2.0

  '@nodelib/fs.stat@2.0.5': {}

  '@nodelib/fs.walk@1.2.8':
    dependencies:
      '@nodelib/fs.scandir': 2.1.5
      fastq: 1.13.0

  '@rescript/darwin-arm64@12.1.0':
    optional: true

  '@rescript/darwin-x64@12.1.0':
    optional: true

  '@rescript/linux-arm64@12.1.0':
    optional: true

  '@rescript/linux-x64@12.0.1': {}

  '@rescript/linux-x64@12.1.0':
    optional: true

  '@rescript/runtime@12.0.1': {}

  '@rescript/runtime@12.1.0': {}

  '@rescript/win32-x64@12.1.0':
    optional: true

  anymatch@3.1.2:
    dependencies:
      normalize-path: 3.0.0
      picomatch: 2.3.0

  arg@4.1.3: {}

  arg@5.0.2: {}

  binary-extensions@2.2.0: {}

  braces@3.0.2:
    dependencies:
      fill-range: 7.0.1

  changie@1.18.0: {}

  chokidar@3.5.2:
    dependencies:
      anymatch: 3.1.2
      braces: 3.0.2
      glob-parent: 5.1.2
      is-binary-path: 2.1.0
      is-glob: 4.0.1
      normalize-path: 3.0.0
      readdirp: 3.6.0
    optionalDependencies:
      fsevents: 2.3.2

  colorette@2.0.17: {}

  cross-spawn@7.0.3:
    dependencies:
      path-key: 3.1.1
      shebang-command: 2.0.0
      which: 2.0.2

  diff@5.1.0: {}

  dir-glob@3.0.1:
    dependencies:
      path-type: 4.0.0

  fast-glob@3.3.0:
    dependencies:
      '@nodelib/fs.stat': 2.0.5
      '@nodelib/fs.walk': 1.2.8
      glob-parent: 5.1.2
      merge2: 1.4.1
      micromatch: 4.0.4

  fastq@1.13.0:
    dependencies:
      reusify: 1.0.4

  fill-range@7.0.1:
    dependencies:
      to-regex-range: 5.0.1

  fsevents@2.3.2:
    optional: true

  glob-parent@5.1.2:
    dependencies:
      is-glob: 4.0.1

  globby@13.1.4:
    dependencies:
      dir-glob: 3.0.1
      fast-glob: 3.3.0
      ignore: 5.2.4
      merge2: 1.4.1
      slash: 4.0.0

  ignore@5.2.4: {}

  is-binary-path@2.1.0:
    dependencies:
      binary-extensions: 2.2.0

  is-extglob@2.1.1: {}

  is-glob@4.0.1:
    dependencies:
      is-extglob: 2.1.1

  is-number@7.0.0: {}

  isexe@2.0.0: {}

  merge2@1.4.1: {}

  micromatch@4.0.4:
    dependencies:
      braces: 3.0.2
      picomatch: 2.3.0

  normalize-path@3.0.0: {}

  onchange@7.1.0:
    dependencies:
      '@blakeembrey/deque': 1.0.5
      '@blakeembrey/template': 1.0.0
      arg: 4.1.3
      chokidar: 3.5.2
      cross-spawn: 7.0.3
      ignore: 5.2.4
      tree-kill: 1.2.2

  path-key@3.1.1: {}

  path-type@4.0.0: {}

  picomatch@2.3.0: {}

  pta@1.2.0(zora@5.2.0):
    dependencies:
      arg: 5.0.2
      globby: 13.1.4
      zora: 5.2.0
      zora-reporters: 1.4.0

  queue-microtask@1.2.3: {}

  readdirp@3.6.0:
    dependencies:
      picomatch: 2.3.0

  rescript@12.1.0:
    dependencies:
      '@rescript/runtime': 12.1.0
    optionalDependencies:
      '@rescript/darwin-arm64': 12.1.0
      '@rescript/darwin-x64': 12.1.0
      '@rescript/linux-arm64': 12.1.0
      '@rescript/linux-x64': 12.1.0
      '@rescript/win32-x64': 12.1.0

  reusify@1.0.4: {}

  run-parallel@1.2.0:
    dependencies:
      queue-microtask: 1.2.3

  shebang-command@2.0.0:
    dependencies:
      shebang-regex: 3.0.0

  shebang-regex@3.0.0: {}

  slash@4.0.0: {}

  to-regex-range@5.0.1:
    dependencies:
      is-number: 7.0.0

  tree-kill@1.2.2: {}

  which@2.0.2:
    dependencies:
      isexe: 2.0.0

  zora-reporters@1.4.0:
    dependencies:
      arg: 5.0.2
      colorette: 2.0.17
      diff: 5.1.0

  zora@5.2.0: {}
